// !$*UTF8*$!
{
	archiveVersion = 1;
	classes = {
	};
	objectVersion = 56;
	objects = {

/* Begin PBXBuildFile section */
		A1000001 /* PaoPaoApp.swift in Sources */ = {isa = PBXBuildFile; fileRef = A2000001 /* PaoPaoApp.swift */; };
		A1000002 /* ContentView.swift in Sources */ = {isa = PBXBuildFile; fileRef = A2000002 /* ContentView.swift */; };
		A1000003 /* JournalEntry.swift in Sources */ = {isa = PBXBuildFile; fileRef = A2000003 /* JournalEntry.swift */; };
		A1000004 /* CameraViewModel.swift in Sources */ = {isa = PBXBuildFile; fileRef = A2000004 /* CameraViewModel.swift */; };
		A1000005 /* CameraPreviewLayer.swift in Sources */ = {isa = PBXBuildFile; fileRef = A2000005 /* CameraPreviewLayer.swift */; };
		A1000006 /* ShutterButton.swift in Sources */ = {isa = PBXBuildFile; fileRef = A2000006 /* ShutterButton.swift */; };
		A1000007 /* CameraView.swift in Sources */ = {isa = PBXBuildFile; fileRef = A2000007 /* CameraView.swift */; };
		A1000008 /* EmotionAnimationView.swift in Sources */ = {isa = PBXBuildFile; fileRef = A2000008 /* EmotionAnimationView.swift */; };
		A1000009 /* CelebrationView.swift in Sources */ = {isa = PBXBuildFile; fileRef = A2000009 /* CelebrationView.swift */; };
		A100000A /* Assets.xcassets in Resources */ = {isa = PBXBuildFile; fileRef = A200000A /* Assets.xcassets */; };
		A100000B /* PetProfile.swift in Sources */ = {isa = PBXBuildFile; fileRef = A200000C /* PetProfile.swift */; };
		A100000C /* PetSetupView.swift in Sources */ = {isa = PBXBuildFile; fileRef = A200000D /* PetSetupView.swift */; };
		A100000D /* SpeciesSelectionView.swift in Sources */ = {isa = PBXBuildFile; fileRef = A200000E /* SpeciesSelectionView.swift */; };
		A100000E /* TraitSlidersView.swift in Sources */ = {isa = PBXBuildFile; fileRef = A200000F /* TraitSlidersView.swift */; };
		A100000F /* NamingView.swift in Sources */ = {isa = PBXBuildFile; fileRef = A2000010 /* NamingView.swift */; };
		A1000010 /* PreviewView.swift in Sources */ = {isa = PBXBuildFile; fileRef = A2000011 /* PreviewView.swift */; };
/* End PBXBuildFile section */

/* Begin PBXFileReference section */
		A2000001 /* PaoPaoApp.swift */ = {isa = PBXFileReference; lastKnownFileType = sourcecode.swift; path = PaoPaoApp.swift; sourceTree = "<group>"; };
		A2000002 /* ContentView.swift */ = {isa = PBXFileReference; lastKnownFileType = sourcecode.swift; path = ContentView.swift; sourceTree = "<group>"; };
		A2000003 /* JournalEntry.swift */ = {isa = PBXFileReference; lastKnownFileType = sourcecode.swift; path = JournalEntry.swift; sourceTree = "<group>"; };
		A2000004 /* CameraViewModel.swift */ = {isa = PBXFileReference; lastKnownFileType = sourcecode.swift; path = CameraViewModel.swift; sourceTree = "<group>"; };
		A2000005 /* CameraPreviewLayer.swift */ = {isa = PBXFileReference; lastKnownFileType = sourcecode.swift; path = CameraPreviewLayer.swift; sourceTree = "<group>"; };
		A2000006 /* ShutterButton.swift */ = {isa = PBXFileReference; lastKnownFileType = sourcecode.swift; path = ShutterButton.swift; sourceTree = "<group>"; };
		A2000007 /* CameraView.swift */ = {isa = PBXFileReference; lastKnownFileType = sourcecode.swift; path = CameraView.swift; sourceTree = "<group>"; };
		A2000008 /* EmotionAnimationView.swift */ = {isa = PBXFileReference; lastKnownFileType = sourcecode.swift; path = EmotionAnimationView.swift; sourceTree = "<group>"; };
		A2000009 /* CelebrationView.swift */ = {isa = PBXFileReference; lastKnownFileType = sourcecode.swift; path = CelebrationView.swift; sourceTree = "<group>"; };
		A200000A /* Assets.xcassets */ = {isa = PBXFileReference; lastKnownFileType = folder.assetcatalog; path = Assets.xcassets; sourceTree = "<group>"; };
		A200000B /* PaoPao.app */ = {isa = PBXFileReference; explicitFileType = wrapper.application; includeInIndex = 0; path = PaoPao.app; sourceTree = BUILT_PRODUCTS_DIR; };
		A200000C /* PetProfile.swift */ = {isa = PBXFileReference; lastKnownFileType = sourcecode.swift; path = PetProfile.swift; sourceTree = "<group>"; };
		A200000D /* PetSetupView.swift */ = {isa = PBXFileReference; lastKnownFileType = sourcecode.swift; path = PetSetupView.swift; sourceTree = "<group>"; };
		A200000E /* SpeciesSelectionView.swift */ = {isa = PBXFileReference; lastKnownFileType = sourcecode.swift; path = SpeciesSelectionView.swift; sourceTree = "<group>"; };
		A200000F /* TraitSlidersView.swift */ = {isa = PBXFileReference; lastKnownFileType = sourcecode.swift; path = TraitSlidersView.swift; sourceTree = "<group>"; };
		A2000010 /* NamingView.swift */ = {isa = PBXFileReference; lastKnownFileType = sourcecode.swift; path = NamingView.swift; sourceTree = "<group>"; };
		A2000011 /* PreviewView.swift */ = {isa = PBXFileReference; lastKnownFileType = sourcecode.swift; path = PreviewView.swift; sourceTree = "<group>"; };
/* End PBXFileReference section */

/* Begin PBXFrameworksBuildPhase section */
		A3000001 /* Frameworks */ = {
			isa = PBXFrameworksBuildPhase;
			buildActionMask = 2147483647;
			files = (
			);
			runOnlyForDeploymentPostprocessing = 0;
		};
/* End PBXFrameworksBuildPhase section */

/* Begin PBXGroup section */
		A4000001 = {
			isa = PBXGroup;
			children = (
				A4000002 /* PaoPao */,
				A4000010 /* Products */,
			);
			sourceTree = "<group>";
		};
		A4000002 /* PaoPao */ = {
			isa = PBXGroup;
			children = (
				A2000001 /* PaoPaoApp.swift */,
				A2000002 /* ContentView.swift */,
				A4000003 /* Models */,
				A4000004 /* ViewModels */,
				A4000005 /* Views */,
				A200000A /* Assets.xcassets */,
			);
			path = PaoPao;
			sourceTree = "<group>";
		};
		A4000003 /* Models */ = {
			isa = PBXGroup;
			children = (
				A2000003 /* JournalEntry.swift */,
				A200000C /* PetProfile.swift */,
			);
			path = Models;
			sourceTree = "<group>";
		};
		A4000004 /* ViewModels */ = {
			isa = PBXGroup;
			children = (
				A2000004 /* CameraViewModel.swift */,
			);
			path = ViewModels;
			sourceTree = "<group>";
		};
		A4000005 /* Views */ = {
			isa = PBXGroup;
			children = (
				A4000006 /* Camera */,
				A4000007 /* PostCapture */,
				A4000008 /* PetSetup */,
			);
			path = Views;
			sourceTree = "<group>";
		};
		A4000006 /* Camera */ = {
			isa = PBXGroup;
			children = (
				A2000005 /* CameraPreviewLayer.swift */,
				A2000006 /* ShutterButton.swift */,
				A2000007 /* CameraView.swift */,
			);
			path = Camera;
			sourceTree = "<group>";
		};
		A4000007 /* PostCapture */ = {
			isa = PBXGroup;
			children = (
				A2000008 /* EmotionAnimationView.swift */,
				A2000009 /* CelebrationView.swift */,
			);
			path = PostCapture;
			sourceTree = "<group>";
		};
		A4000008 /* PetSetup */ = {
			isa = PBXGroup;
			children = (
				A200000D /* PetSetupView.swift */,
				A200000E /* SpeciesSelectionView.swift */,
				A200000F /* TraitSlidersView.swift */,
				A2000010 /* NamingView.swift */,
				A2000011 /* PreviewView.swift */,
			);
			path = PetSetup;
			sourceTree = "<group>";
		};
		A4000010 /* Products */ = {
			isa = PBXGroup;
			children = (
				A200000B /* PaoPao.app */,
			);
			name = Products;
			sourceTree = "<group>";
		};
/* End PBXGroup section */

/* Begin PBXNativeTarget section */
		A5000001 /* PaoPao */ = {
			isa = PBXNativeTarget;
			buildConfigurationList = A7000003 /* Build configuration list for PBXNativeTarget "PaoPao" */;
			buildPhases = (
				A6000001 /* Sources */,
				A3000001 /* Frameworks */,
				A6000002 /* Resources */,
			);
			buildRules = (
			);
			dependencies = (
			);
			name = PaoPao;
			productName = PaoPao;
			productReference = A200000B /* PaoPao.app */;
			productType = "com.apple.product-type.application";
		};
/* End PBXNativeTarget section */

/* Begin PBXProject section */
		A8000001 /* Project object */ = {
			isa = PBXProject;
			attributes = {
				BuildIndependentTargetsInParallel = 1;
				LastSwiftUpdateCheck = 1500;
				LastUpgradeCheck = 1500;
				TargetAttributes = {
					A5000001 = {
						CreatedOnToolsVersion = 15.0;
					};
				};
			};
			buildConfigurationList = A7000001 /* Build configuration list for PBXProject "PaoPao" */;
			compatibilityVersion = "Xcode 14.0";
			developmentRegion = "zh-Hans";
			hasScannedForEncodings = 0;
			knownRegions = (
				"zh-Hans",
				Base,
			);
			mainGroup = A4000001;
			productRefGroup = A4000010 /* Products */;
			projectDirPath = "";
			projectRoot = "";
			targets = (
				A5000001 /* PaoPao */,
			);
		};
/* End PBXProject section */

/* Begin PBXResourcesBuildPhase section */
		A6000002 /* Resources */ = {
			isa = PBXResourcesBuildPhase;
			buildActionMask = 2147483647;
			files = (
				A100000A /* Assets.xcassets in Resources */,
			);
			runOnlyForDeploymentPostprocessing = 0;
		};
/* End PBXResourcesBuildPhase section */

/* Begin PBXSourcesBuildPhase section */
		A6000001 /* Sources */ = {
			isa = PBXSourcesBuildPhase;
			buildActionMask = 2147483647;
			files = (
				A1000001 /* PaoPaoApp.swift in Sources */,
				A1000002 /* ContentView.swift in Sources */,
				A1000003 /* JournalEntry.swift in Sources */,
				A1000004 /* CameraViewModel.swift in Sources */,
				A1000005 /* CameraPreviewLayer.swift in Sources */,
				A1000006 /* ShutterButton.swift in Sources */,
				A1000007 /* CameraView.swift in Sources */,
				A1000008 /* EmotionAnimationView.swift in Sources */,
				A1000009 /* CelebrationView.swift in Sources */,
				A100000B /* PetProfile.swift in Sources */,
				A100000C /* PetSetupView.swift in Sources */,
				A100000D /* SpeciesSelectionView.swift in Sources */,
				A100000E /* TraitSlidersView.swift in Sources */,
				A100000F /* NamingView.swift in Sources */,
				A1000010 /* PreviewView.swift in Sources */,
			);
			runOnlyForDeploymentPostprocessing = 0;
		};
/* End PBXSourcesBuildPhase section */

/* Begin XCBuildConfiguration section */
		A9000001 /* Debug */ = {
			isa = XCBuildConfiguration;
			buildSettings = {
				ALWAYS_SEARCH_USER_PATHS = NO;
				ASSETCATALOG_COMPILER_GENERATE_SWIFT_ASSET_SYMBOL_EXTENSIONS = YES;
				CLANG_ANALYZER_NONNULL = YES;
				CLANG_CXX_LANGUAGE_STANDARD = "gnu++20";
				CLANG_ENABLE_MODULES = YES;
				CLANG_ENABLE_OBJC_ARC = YES;
				COPY_PHASE_STRIP = NO;
				DEBUG_INFORMATION_FORMAT = dwarf;
				ENABLE_STRICT_OBJC_MSGSEND = YES;
				ENABLE_TESTABILITY = YES;
				GCC_DYNAMIC_NO_PIC = NO;
				GCC_OPTIMIZATION_LEVEL = 0;
				GCC_PREPROCESSOR_DEFINITIONS = (
					"DEBUG=1",
					"$(inherited)",
				);
				IPHONEOS_DEPLOYMENT_TARGET = 17.0;
				MTL_ENABLE_DEBUG_INFO = INCLUDE_SOURCE;
				ONLY_ACTIVE_ARCH = YES;
				SDKROOT = iphoneos;
				SWIFT_ACTIVE_COMPILATION_CONDITIONS = "DEBUG $(inherited)";
				SWIFT_OPTIMIZATION_LEVEL = "-Onone";
			};
			name = Debug;
		};
		A9000002 /* Release */ = {
			isa = XCBuildConfiguration;
			buildSettings = {
				ALWAYS_SEARCH_USER_PATHS = NO;
				ASSETCATALOG_COMPILER_GENERATE_SWIFT_ASSET_SYMBOL_EXTENSIONS = YES;
				CLANG_ANALYZER_NONNULL = YES;
				CLANG_CXX_LANGUAGE_STANDARD = "gnu++20";
				CLANG_ENABLE_MODULES = YES;
				CLANG_ENABLE_OBJC_ARC = YES;
				COPY_PHASE_STRIP = NO;
				DEBUG_INFORMATION_FORMAT = "dwarf-with-dsym";
				ENABLE_NS_ASSERTIONS = NO;
				ENABLE_STRICT_OBJC_MSGSEND = YES;
				GCC_OPTIMIZATION_LEVEL = s;
				IPHONEOS_DEPLOYMENT_TARGET = 17.0;
				MTL_ENABLE_DEBUG_INFO = NO;
				SDKROOT = iphoneos;
				SWIFT_COMPILATION_MODE = wholemodule;
				VALIDATE_PRODUCT = YES;
			};
			name = Release;
		};
		A9000003 /* Debug */ = {
			isa = XCBuildConfiguration;
			buildSettings = {
				ASSETCATALOG_COMPILER_APPICON_NAME = AppIcon;
				CODE_SIGN_STYLE = Automatic;
				CURRENT_PROJECT_VERSION = 1;
				DEVELOPMENT_TEAM = LGLTJ8ZC7C;
				GENERATE_INFOPLIST_FILE = YES;
				INFOPLIST_KEY_NSCameraUsageDescription = "泡泡需要相机权限来记录你的美好瞬间";
				INFOPLIST_KEY_NSMicrophoneUsageDescription = "泡泡需要麦克风权限来录制视频";
				INFOPLIST_KEY_UIApplicationSceneManifest_Generation = YES;
				INFOPLIST_KEY_UIApplicationSupportsIndirectInputEvents = YES;
				INFOPLIST_KEY_UILaunchScreen_Generation = YES;
				INFOPLIST_KEY_UIStatusBarStyle = UIStatusBarStyleLightContent;
				INFOPLIST_KEY_UISupportedInterfaceOrientations = UIInterfaceOrientationPortrait;
				LD_RUNPATH_SEARCH_PATHS = (
					"$(inherited)",
					"@executable_path/Frameworks",
				);
				MARKETING_VERSION = 1.0;
				PRODUCT_BUNDLE_IDENTIFIER = com.paopao666.app;
				PRODUCT_NAME = "$(TARGET_NAME)";
				SUPPORTED_PLATFORMS = "iphoneos iphonesimulator";
				SUPPORTS_MACCATALYST = NO;
				SWIFT_EMIT_LOC_STRINGS = YES;
				SWIFT_VERSION = 5.9;
				TARGETED_DEVICE_FAMILY = 1;
			};
			name = Debug;
		};
		A9000004 /* Release */ = {
			isa = XCBuildConfiguration;
			buildSettings = {
				ASSETCATALOG_COMPILER_APPICON_NAME = AppIcon;
				CODE_SIGN_STYLE = Automatic;
				CURRENT_PROJECT_VERSION = 1;
				DEVELOPMENT_TEAM = LGLTJ8ZC7C;
				GENERATE_INFOPLIST_FILE = YES;
				INFOPLIST_KEY_NSCameraUsageDescription = "泡泡需要相机权限来记录你的美好瞬间";
				INFOPLIST_KEY_NSMicrophoneUsageDescription = "泡泡需要麦克风权限来录制视频";
				INFOPLIST_KEY_UIApplicationSceneManifest_Generation = YES;
				INFOPLIST_KEY_UIApplicationSupportsIndirectInputEvents = YES;
				INFOPLIST_KEY_UILaunchScreen_Generation = YES;
				INFOPLIST_KEY_UIStatusBarStyle = UIStatusBarStyleLightContent;
				INFOPLIST_KEY_UISupportedInterfaceOrientations = UIInterfaceOrientationPortrait;
				LD_RUNPATH_SEARCH_PATHS = (
					"$(inherited)",
					"@executable_path/Frameworks",
				);
				MARKETING_VERSION = 1.0;
				PRODUCT_BUNDLE_IDENTIFIER = com.paopao666.app;
				PRODUCT_NAME = "$(TARGET_NAME)";
				SUPPORTED_PLATFORMS = "iphoneos iphonesimulator";
				SUPPORTS_MACCATALYST = NO;
				SWIFT_EMIT_LOC_STRINGS = YES;
				SWIFT_VERSION = 5.9;
				TARGETED_DEVICE_FAMILY = 1;
			};
			name = Release;
		};
/* End XCBuildConfiguration section */

/* Begin XCConfigurationList section */
		A7000001 /* Build configuration list for PBXProject "PaoPao" */ = {
			isa = XCConfigurationList;
			buildConfigurations = (
				A9000001 /* Debug */,
				A9000002 /* Release */,
			);
			defaultConfigurationIsVisible = 0;
			defaultConfigurationName = Release;
		};
		A7000003 /* Build configuration list for PBXNativeTarget "PaoPao" */ = {
			isa = XCConfigurationList;
			buildConfigurations = (
				A9000003 /* Debug */,
				A9000004 /* Release */,
			);
			defaultConfigurationIsVisible = 0;
			defaultConfigurationName = Release;
		};
/* End XCConfigurationList section */
	};
	rootObject = A8000001 /* Project object */;
}
